
Microsoft Visual Studio Solution File, Format Version 12.00
# Visual Studio Version 16
VisualStudioVersion = 16.0.32126.315
MinimumVisualStudioVersion = 10.0.40219.1
Project("{FAE04EC0-301F-11D3-BF4B-00C04F79EFBC}") = "rpg", "rpg\rpg.csproj", "{B135C348-E3E3-4983-808A-583751C66847}"
EndProject
Global
	GlobalSection(SolutionConfigurationPlatforms) = preSolution
		Debug|Any CPU = Debug|Any CPU
		Release|Any CPU = Release|Any CPU
	EndGlobalSection
	GlobalSection(ProjectConfigurationPlatforms) = postSolution
		{B135C348-E3E3-4983-808A-583751C66847}.Debug|Any CPU.ActiveCfg = Debug|Any CPU
		{B135C348-E3E3-4983-808A-583751C66847}.Debug|Any CPU.Build.0 = Debug|Any CPU
		{B135C348-E3E3-4983-808A-583751C66847}.Release|Any CPU.ActiveCfg = Release|Any CPU
		{B135C348-E3E3-4983-808A-583751C66847}.Release|Any CPU.Build.0 = Release|Any CPU
	EndGlobalSection
	GlobalSection(SolutionProperties) = preSolution
		HideSolutionNode = FALSE
	EndGlobalSection
	GlobalSection(ExtensibilityGlobals) = postSolution
		SolutionGuid = {42372B1D-4031-40F0-BD1E-1D48A7CEE45C}
	EndGlobalSection
EndGlobal
